
Microsoft Visual Studio Solution File, Format Version 12.00
# Visual Studio Version 17
VisualStudioVersion = 17.2.32526.322
MinimumVisualStudioVersion = 10.0.40219.1
Project("{9A19103F-16F7-4668-BE54-9A1E7A4F7556}") = "ChessTournament.API", "ChessTournamentAPI\ChessTournament.API.csproj", "{A32491EF-3ABC-410A-9F45-BF87D3C039E4}"
EndProject
Project("{FAE04EC0-301F-11D3-BF4B-00C04F79EFBC}") = "ChessTournament.BLL", "ChessTournament.BLL\ChessTournament.BLL.csproj", "{FC553779-9360-432D-B270-708164B68197}"
EndProject
Project("{FAE04EC0-301F-11D3-BF4B-00C04F79EFBC}") = "ChessTournament.DL", "ChessTournament.DL\ChessTournament.DL.csproj", "{2D654CC3-F4D8-40E5-B6B1-5336EB65E925}"
EndProject
Project("{FAE04EC0-301F-11D3-BF4B-00C04F79EFBC}") = "ChessTournament.IL", "ChessTournament.IL\ChessTournament.IL.csproj", "{9552B95C-4FA9-41B5-B15A-5C25A708CA87}"
EndProject
Project("{FAE04EC0-301F-11D3-BF4B-00C04F79EFBC}") = "ChessTournament.DAL", "ChessTournament.DAL\ChessTournament.DAL.csproj", "{B0044104-18D3-4BE6-9A26-C11639B8FB95}"
EndProject
Project("{FAE04EC0-301F-11D3-BF4B-00C04F79EFBC}") = "ToolBox.EF", "ToolBox.EF\ToolBox.EF.csproj", "{F76E5D69-BC92-46A5-9886-F6045C8C85BB}"
EndProject
Global
	GlobalSection(SolutionConfigurationPlatforms) = preSolution
		Debug|Any CPU = Debug|Any CPU
		Release|Any CPU = Release|Any CPU
	EndGlobalSection
	GlobalSection(ProjectConfigurationPlatforms) = postSolution
		{A32491EF-3ABC-410A-9F45-BF87D3C039E4}.Debug|Any CPU.ActiveCfg = Debug|Any CPU
		{A32491EF-3ABC-410A-9F45-BF87D3C039E4}.Debug|Any CPU.Build.0 = Debug|Any CPU
		{A32491EF-3ABC-410A-9F45-BF87D3C039E4}.Release|Any CPU.ActiveCfg = Release|Any CPU
		{A32491EF-3ABC-410A-9F45-BF87D3C039E4}.Release|Any CPU.Build.0 = Release|Any CPU
		{FC553779-9360-432D-B270-708164B68197}.Debug|Any CPU.ActiveCfg = Debug|Any CPU
		{FC553779-9360-432D-B270-708164B68197}.Debug|Any CPU.Build.0 = Debug|Any CPU
		{FC553779-9360-432D-B270-708164B68197}.Release|Any CPU.ActiveCfg = Release|Any CPU
		{FC553779-9360-432D-B270-708164B68197}.Release|Any CPU.Build.0 = Release|Any CPU
		{2D654CC3-F4D8-40E5-B6B1-5336EB65E925}.Debug|Any CPU.ActiveCfg = Debug|Any CPU
		{2D654CC3-F4D8-40E5-B6B1-5336EB65E925}.Debug|Any CPU.Build.0 = Debug|Any CPU
		{2D654CC3-F4D8-40E5-B6B1-5336EB65E925}.Release|Any CPU.ActiveCfg = Release|Any CPU
		{2D654CC3-F4D8-40E5-B6B1-5336EB65E925}.Release|Any CPU.Build.0 = Release|Any CPU
		{9552B95C-4FA9-41B5-B15A-5C25A708CA87}.Debug|Any CPU.ActiveCfg = Debug|Any CPU
		{9552B95C-4FA9-41B5-B15A-5C25A708CA87}.Debug|Any CPU.Build.0 = Debug|Any CPU
		{9552B95C-4FA9-41B5-B15A-5C25A708CA87}.Release|Any CPU.ActiveCfg = Release|Any CPU
		{9552B95C-4FA9-41B5-B15A-5C25A708CA87}.Release|Any CPU.Build.0 = Release|Any CPU
		{B0044104-18D3-4BE6-9A26-C11639B8FB95}.Debug|Any CPU.ActiveCfg = Debug|Any CPU
		{B0044104-18D3-4BE6-9A26-C11639B8FB95}.Debug|Any CPU.Build.0 = Debug|Any CPU
		{B0044104-18D3-4BE6-9A26-C11639B8FB95}.Release|Any CPU.ActiveCfg = Release|Any CPU
		{B0044104-18D3-4BE6-9A26-C11639B8FB95}.Release|Any CPU.Build.0 = Release|Any CPU
		{F76E5D69-BC92-46A5-9886-F6045C8C85BB}.Debug|Any CPU.ActiveCfg = Debug|Any CPU
		{F76E5D69-BC92-46A5-9886-F6045C8C85BB}.Debug|Any CPU.Build.0 = Debug|Any CPU
		{F76E5D69-BC92-46A5-9886-F6045C8C85BB}.Release|Any CPU.ActiveCfg = Release|Any CPU
		{F76E5D69-BC92-46A5-9886-F6045C8C85BB}.Release|Any CPU.Build.0 = Release|Any CPU
	EndGlobalSection
	GlobalSection(SolutionProperties) = preSolution
		HideSolutionNode = FALSE
	EndGlobalSection
	GlobalSection(ExtensibilityGlobals) = postSolution
		SolutionGuid = {892FA29B-2AFD-49EE-B070-58CEF7241264}
	EndGlobalSection
EndGlobal
